
Microsoft Visual Studio Solution File, Format Version 11.00
# Visual Studio 2010
Project("{FAE04EC0-301F-11D3-BF4B-00C04F79EFBC}") = "HTL.Grieskirchen.Edubot", "HTL.Grieskirchen.Edubot\HTL.Grieskirchen.Edubot.csproj", "{97BBC3F8-498F-416B-A084-60DF77B63E05}"
EndProject
Project("{54435603-DBB4-11D2-8724-00A0C9A8B90C}") = "EdubotSetup", "EdubotSetup\EdubotSetup.vdproj", "{D751ABBC-249C-4E58-9C81-96DCB1F89FC0}"
EndProject
Global
	GlobalSection(SolutionConfigurationPlatforms) = preSolution
		Debug|x86 = Debug|x86
		Release|x86 = Release|x86
	EndGlobalSection
	GlobalSection(ProjectConfigurationPlatforms) = postSolution
		{97BBC3F8-498F-416B-A084-60DF77B63E05}.Debug|x86.ActiveCfg = Debug|x86
		{97BBC3F8-498F-416B-A084-60DF77B63E05}.Debug|x86.Build.0 = Debug|x86
		{97BBC3F8-498F-416B-A084-60DF77B63E05}.Release|x86.ActiveCfg = Release|x86
		{97BBC3F8-498F-416B-A084-60DF77B63E05}.Release|x86.Build.0 = Release|x86
		{D751ABBC-249C-4E58-9C81-96DCB1F89FC0}.Debug|x86.ActiveCfg = Release
		{D751ABBC-249C-4E58-9C81-96DCB1F89FC0}.Release|x86.ActiveCfg = Release
	EndGlobalSection
	GlobalSection(SolutionProperties) = preSolution
		HideSolutionNode = FALSE
	EndGlobalSection
EndGlobal
